
Microsoft Visual Studio Solution File, Format Version 12.00
# Visual Studio 15
VisualStudioVersion = 15.0.27130.2010
MinimumVisualStudioVersion = 10.0.40219.1
Project("{FAE04EC0-301F-11D3-BF4B-00C04F79EFBC}") = "CapaDatos", "CapaDatos\CapaDatos.csproj", "{7DF69A1D-1ADE-4EBF-B0D5-4D9D687A19FE}"
EndProject
Project("{FAE04EC0-301F-11D3-BF4B-00C04F79EFBC}") = "CapaEntidad", "CapaEntidad\CapaEntidad.csproj", "{BB38BD56-D340-4A02-AF4D-902D1A54971B}"
EndProject
Project("{FAE04EC0-301F-11D3-BF4B-00C04F79EFBC}") = "CapaLogicaNegocio", "CapaLogicaNegocio\CapaLogicaNegocio.csproj", "{0A1289AD-9D29-4997-8AD0-EB6AE39340D3}"
EndProject
Project("{FAE04EC0-301F-11D3-BF4B-00C04F79EFBC}") = "SistemaFacturacion", "SistemaFacturacion\SistemaFacturacion.csproj", "{7AB97B43-2090-46AF-831E-99D56664863B}"
EndProject
Project("{2150E333-8FDC-42A3-9474-1A3956D46DE8}") = "Solution Items", "Solution Items", "{9D414AC6-06F4-4E20-BCBC-E59A700D2DCA}"
	ProjectSection(SolutionItems) = preProject
		.gitignore = .gitignore
	EndProjectSection
EndProject
Global
	GlobalSection(SolutionConfigurationPlatforms) = preSolution
		Debug|Any CPU = Debug|Any CPU
		Release|Any CPU = Release|Any CPU
	EndGlobalSection
	GlobalSection(ProjectConfigurationPlatforms) = postSolution
		{7DF69A1D-1ADE-4EBF-B0D5-4D9D687A19FE}.Debug|Any CPU.ActiveCfg = Debug|Any CPU
		{7DF69A1D-1ADE-4EBF-B0D5-4D9D687A19FE}.Debug|Any CPU.Build.0 = Debug|Any CPU
		{7DF69A1D-1ADE-4EBF-B0D5-4D9D687A19FE}.Release|Any CPU.ActiveCfg = Release|Any CPU
		{7DF69A1D-1ADE-4EBF-B0D5-4D9D687A19FE}.Release|Any CPU.Build.0 = Release|Any CPU
		{BB38BD56-D340-4A02-AF4D-902D1A54971B}.Debug|Any CPU.ActiveCfg = Debug|Any CPU
		{BB38BD56-D340-4A02-AF4D-902D1A54971B}.Debug|Any CPU.Build.0 = Debug|Any CPU
		{BB38BD56-D340-4A02-AF4D-902D1A54971B}.Release|Any CPU.ActiveCfg = Release|Any CPU
		{BB38BD56-D340-4A02-AF4D-902D1A54971B}.Release|Any CPU.Build.0 = Release|Any CPU
		{0A1289AD-9D29-4997-8AD0-EB6AE39340D3}.Debug|Any CPU.ActiveCfg = Debug|Any CPU
		{0A1289AD-9D29-4997-8AD0-EB6AE39340D3}.Debug|Any CPU.Build.0 = Debug|Any CPU
		{0A1289AD-9D29-4997-8AD0-EB6AE39340D3}.Release|Any CPU.ActiveCfg = Release|Any CPU
		{0A1289AD-9D29-4997-8AD0-EB6AE39340D3}.Release|Any CPU.Build.0 = Release|Any CPU
		{7AB97B43-2090-46AF-831E-99D56664863B}.Debug|Any CPU.ActiveCfg = Debug|Any CPU
		{7AB97B43-2090-46AF-831E-99D56664863B}.Debug|Any CPU.Build.0 = Debug|Any CPU
		{7AB97B43-2090-46AF-831E-99D56664863B}.Release|Any CPU.ActiveCfg = Release|Any CPU
		{7AB97B43-2090-46AF-831E-99D56664863B}.Release|Any CPU.Build.0 = Release|Any CPU
	EndGlobalSection
	GlobalSection(SolutionProperties) = preSolution
		HideSolutionNode = FALSE
	EndGlobalSection
	GlobalSection(ExtensibilityGlobals) = postSolution
		SolutionGuid = {33DB7DD3-7EB3-4538-B178-44B8621E7C18}
	EndGlobalSection
EndGlobal
