
Microsoft Visual Studio Solution File, Format Version 12.00
# Visual Studio 15
VisualStudioVersion = 15.0.27703.2042
MinimumVisualStudioVersion = 10.0.40219.1
Project("{FAE04EC0-301F-11D3-BF4B-00C04F79EFBC}") = "PPruebas", "PPruebas\PPruebas.csproj", "{48ACC8EB-F409-4C07-80AF-7684276983D0}"
EndProject
Project("{FAE04EC0-301F-11D3-BF4B-00C04F79EFBC}") = "PrototipoWeb", "PrototipoWeb\PrototipoWeb.csproj", "{B640D50F-08AC-4B40-8719-C2D543A828A6}"
EndProject
Project("{FAE04EC0-301F-11D3-BF4B-00C04F79EFBC}") = "webProgram", "webProgram\webProgram.csproj", "{EA8F2036-E1A5-4C05-96CD-184C8396871F}"
EndProject
Project("{FAE04EC0-301F-11D3-BF4B-00C04F79EFBC}") = "Api", "Api\Api.csproj", "{2092F09D-2FC9-4459-B1A4-CC991D2B21B3}"
EndProject
Project("{FAE04EC0-301F-11D3-BF4B-00C04F79EFBC}") = "WebAplicationMvc", "WebAplicationMvc\WebAplicationMvc.csproj", "{0C980ABF-B59E-4BC8-B687-7220E25F9FCE}"
EndProject
Project("{FAE04EC0-301F-11D3-BF4B-00C04F79EFBC}") = "Data", "Data\Data.csproj", "{08703B97-C78B-4D9E-92C3-78BD66477583}"
EndProject
Project("{FAE04EC0-301F-11D3-BF4B-00C04F79EFBC}") = "Entity", "Entity\Entity.csproj", "{2B007631-05EC-4DB8-9C2B-554F9E076F40}"
EndProject
Project("{FAE04EC0-301F-11D3-BF4B-00C04F79EFBC}") = "LogicNegocio", "LogicNegocio\LogicNegocio.csproj", "{984D24E4-5C64-48F5-AAD3-921F16DA368C}"
EndProject
Project("{FAE04EC0-301F-11D3-BF4B-00C04F79EFBC}") = "ConsoleApp1", "ConsoleApp1\ConsoleApp1.csproj", "{6C73E927-1B9A-4289-8156-01B209AD00B7}"
EndProject
Global
	GlobalSection(SolutionConfigurationPlatforms) = preSolution
		Debug|Any CPU = Debug|Any CPU
		Release|Any CPU = Release|Any CPU
	EndGlobalSection
	GlobalSection(ProjectConfigurationPlatforms) = postSolution
		{48ACC8EB-F409-4C07-80AF-7684276983D0}.Debug|Any CPU.ActiveCfg = Debug|Any CPU
		{48ACC8EB-F409-4C07-80AF-7684276983D0}.Debug|Any CPU.Build.0 = Debug|Any CPU
		{48ACC8EB-F409-4C07-80AF-7684276983D0}.Release|Any CPU.ActiveCfg = Release|Any CPU
		{48ACC8EB-F409-4C07-80AF-7684276983D0}.Release|Any CPU.Build.0 = Release|Any CPU
		{B640D50F-08AC-4B40-8719-C2D543A828A6}.Debug|Any CPU.ActiveCfg = Debug|Any CPU
		{B640D50F-08AC-4B40-8719-C2D543A828A6}.Debug|Any CPU.Build.0 = Debug|Any CPU
		{B640D50F-08AC-4B40-8719-C2D543A828A6}.Release|Any CPU.ActiveCfg = Release|Any CPU
		{B640D50F-08AC-4B40-8719-C2D543A828A6}.Release|Any CPU.Build.0 = Release|Any CPU
		{EA8F2036-E1A5-4C05-96CD-184C8396871F}.Debug|Any CPU.ActiveCfg = Debug|Any CPU
		{EA8F2036-E1A5-4C05-96CD-184C8396871F}.Debug|Any CPU.Build.0 = Debug|Any CPU
		{EA8F2036-E1A5-4C05-96CD-184C8396871F}.Release|Any CPU.ActiveCfg = Release|Any CPU
		{EA8F2036-E1A5-4C05-96CD-184C8396871F}.Release|Any CPU.Build.0 = Release|Any CPU
		{2092F09D-2FC9-4459-B1A4-CC991D2B21B3}.Debug|Any CPU.ActiveCfg = Debug|Any CPU
		{2092F09D-2FC9-4459-B1A4-CC991D2B21B3}.Debug|Any CPU.Build.0 = Debug|Any CPU
		{2092F09D-2FC9-4459-B1A4-CC991D2B21B3}.Release|Any CPU.ActiveCfg = Release|Any CPU
		{2092F09D-2FC9-4459-B1A4-CC991D2B21B3}.Release|Any CPU.Build.0 = Release|Any CPU
		{0C980ABF-B59E-4BC8-B687-7220E25F9FCE}.Debug|Any CPU.ActiveCfg = Debug|Any CPU
		{0C980ABF-B59E-4BC8-B687-7220E25F9FCE}.Debug|Any CPU.Build.0 = Debug|Any CPU
		{0C980ABF-B59E-4BC8-B687-7220E25F9FCE}.Release|Any CPU.ActiveCfg = Release|Any CPU
		{0C980ABF-B59E-4BC8-B687-7220E25F9FCE}.Release|Any CPU.Build.0 = Release|Any CPU
		{08703B97-C78B-4D9E-92C3-78BD66477583}.Debug|Any CPU.ActiveCfg = Debug|Any CPU
		{08703B97-C78B-4D9E-92C3-78BD66477583}.Debug|Any CPU.Build.0 = Debug|Any CPU
		{08703B97-C78B-4D9E-92C3-78BD66477583}.Release|Any CPU.ActiveCfg = Release|Any CPU
		{08703B97-C78B-4D9E-92C3-78BD66477583}.Release|Any CPU.Build.0 = Release|Any CPU
		{2B007631-05EC-4DB8-9C2B-554F9E076F40}.Debug|Any CPU.ActiveCfg = Debug|Any CPU
		{2B007631-05EC-4DB8-9C2B-554F9E076F40}.Debug|Any CPU.Build.0 = Debug|Any CPU
		{2B007631-05EC-4DB8-9C2B-554F9E076F40}.Release|Any CPU.ActiveCfg = Release|Any CPU
		{2B007631-05EC-4DB8-9C2B-554F9E076F40}.Release|Any CPU.Build.0 = Release|Any CPU
		{984D24E4-5C64-48F5-AAD3-921F16DA368C}.Debug|Any CPU.ActiveCfg = Debug|Any CPU
		{984D24E4-5C64-48F5-AAD3-921F16DA368C}.Debug|Any CPU.Build.0 = Debug|Any CPU
		{984D24E4-5C64-48F5-AAD3-921F16DA368C}.Release|Any CPU.ActiveCfg = Release|Any CPU
		{984D24E4-5C64-48F5-AAD3-921F16DA368C}.Release|Any CPU.Build.0 = Release|Any CPU
		{6C73E927-1B9A-4289-8156-01B209AD00B7}.Debug|Any CPU.ActiveCfg = Debug|Any CPU
		{6C73E927-1B9A-4289-8156-01B209AD00B7}.Debug|Any CPU.Build.0 = Debug|Any CPU
		{6C73E927-1B9A-4289-8156-01B209AD00B7}.Release|Any CPU.ActiveCfg = Release|Any CPU
		{6C73E927-1B9A-4289-8156-01B209AD00B7}.Release|Any CPU.Build.0 = Release|Any CPU
	EndGlobalSection
	GlobalSection(SolutionProperties) = preSolution
		HideSolutionNode = FALSE
	EndGlobalSection
	GlobalSection(ExtensibilityGlobals) = postSolution
		SolutionGuid = {596FDD81-0FB9-4A71-AC17-07ADA6207C4B}
	EndGlobalSection
EndGlobal
