
Microsoft Visual Studio Solution File, Format Version 12.00
# Visual Studio 2013
VisualStudioVersion = 12.0.21005.1
MinimumVisualStudioVersion = 10.0.40219.1
Project("{FAE04EC0-301F-11D3-BF4B-00C04F79EFBC}") = "MantModelosyMarcas", "MantModelosyMarcas\MantModelosyMarcas.csproj", "{68939D44-C192-443A-877C-1E3DC5DA8B4F}"
EndProject
Project("{FAE04EC0-301F-11D3-BF4B-00C04F79EFBC}") = "StateTrustGlobal", "StateTrustGlobal\StateTrustGlobal.csproj", "{E87D087D-C421-4229-970C-663004F56CE2}"
EndProject
Project("{FAE04EC0-301F-11D3-BF4B-00C04F79EFBC}") = "AjaxBeginFormwithMVC", "AjaxBeginFormwithMVC\AjaxBeginFormwithMVC.csproj", "{29BD78A4-31B5-409B-8832-B1125E7CBC32}"
EndProject
Project("{2150E333-8FDC-42A3-9474-1A3956D46DE8}") = ".nuget", ".nuget", "{45E2FE9D-8A68-4A6A-AE36-A4CEEF192C25}"
	ProjectSection(SolutionItems) = preProject
		.nuget\NuGet.Config = .nuget\NuGet.Config
		.nuget\NuGet.exe = .nuget\NuGet.exe
		.nuget\NuGet.targets = .nuget\NuGet.targets
	EndProjectSection
EndProject
Project("{FAE04EC0-301F-11D3-BF4B-00C04F79EFBC}") = "GlobalLogger", "GlobalLogger\GlobalLogger.csproj", "{BA692D84-C660-4E34-B33D-B3A1737E1E2B}"
EndProject
Global
	GlobalSection(SolutionConfigurationPlatforms) = preSolution
		Debug|Any CPU = Debug|Any CPU
		Release|Any CPU = Release|Any CPU
	EndGlobalSection
	GlobalSection(ProjectConfigurationPlatforms) = postSolution
		{68939D44-C192-443A-877C-1E3DC5DA8B4F}.Debug|Any CPU.ActiveCfg = Debug|Any CPU
		{68939D44-C192-443A-877C-1E3DC5DA8B4F}.Debug|Any CPU.Build.0 = Debug|Any CPU
		{68939D44-C192-443A-877C-1E3DC5DA8B4F}.Release|Any CPU.ActiveCfg = Release|Any CPU
		{68939D44-C192-443A-877C-1E3DC5DA8B4F}.Release|Any CPU.Build.0 = Release|Any CPU
		{E87D087D-C421-4229-970C-663004F56CE2}.Debug|Any CPU.ActiveCfg = Debug|Any CPU
		{E87D087D-C421-4229-970C-663004F56CE2}.Debug|Any CPU.Build.0 = Debug|Any CPU
		{E87D087D-C421-4229-970C-663004F56CE2}.Release|Any CPU.ActiveCfg = Release|Any CPU
		{E87D087D-C421-4229-970C-663004F56CE2}.Release|Any CPU.Build.0 = Release|Any CPU
		{29BD78A4-31B5-409B-8832-B1125E7CBC32}.Debug|Any CPU.ActiveCfg = Debug|Any CPU
		{29BD78A4-31B5-409B-8832-B1125E7CBC32}.Debug|Any CPU.Build.0 = Debug|Any CPU
		{29BD78A4-31B5-409B-8832-B1125E7CBC32}.Release|Any CPU.ActiveCfg = Release|Any CPU
		{29BD78A4-31B5-409B-8832-B1125E7CBC32}.Release|Any CPU.Build.0 = Release|Any CPU
		{BA692D84-C660-4E34-B33D-B3A1737E1E2B}.Debug|Any CPU.ActiveCfg = Debug|Any CPU
		{BA692D84-C660-4E34-B33D-B3A1737E1E2B}.Debug|Any CPU.Build.0 = Debug|Any CPU
		{BA692D84-C660-4E34-B33D-B3A1737E1E2B}.Release|Any CPU.ActiveCfg = Release|Any CPU
		{BA692D84-C660-4E34-B33D-B3A1737E1E2B}.Release|Any CPU.Build.0 = Release|Any CPU
	EndGlobalSection
	GlobalSection(SolutionProperties) = preSolution
		HideSolutionNode = FALSE
	EndGlobalSection
EndGlobal
