
Microsoft Visual Studio Solution File, Format Version 12.00
# Visual Studio 2013
VisualStudioVersion = 12.0.40629.0
MinimumVisualStudioVersion = 10.0.40219.1
Project("{FAE04EC0-301F-11D3-BF4B-00C04F79EFBC}") = "STL.POS.Frontend.Web", "STL.POS.Frontend.Web\STL.POS.Frontend.Web.csproj", "{2FEA1C40-7CC9-43C3-9510-E4CCAFAE2C17}"
	ProjectSection(ProjectDependencies) = postProject
		{C6CE23B2-8A68-4EF4-81E3-445701093531} = {C6CE23B2-8A68-4EF4-81E3-445701093531}
	EndProjectSection
EndProject
Project("{2150E333-8FDC-42A3-9474-1A3956D46DE8}") = ".nuget", ".nuget", "{189FA4AE-D753-4B11-B904-C7B51DDB1839}"
	ProjectSection(SolutionItems) = preProject
		.nuget\NuGet.Config = .nuget\NuGet.Config
		.nuget\NuGet.exe = .nuget\NuGet.exe
		.nuget\NuGet.targets = .nuget\NuGet.targets
	EndProjectSection
EndProject
Project("{FAE04EC0-301F-11D3-BF4B-00C04F79EFBC}") = "STL.POS.Data", "STL.POS.Data\STL.POS.Data.csproj", "{5AE6AB7F-A100-4DC8-99B3-A82F0537BCB5}"
EndProject
Project("{FAE04EC0-301F-11D3-BF4B-00C04F79EFBC}") = "STL.POS.WsProxy", "STL.POS.WsProxy\STL.POS.WsProxy.csproj", "{9327AEB7-F748-4EC9-83C0-44E806F1F12A}"
EndProject
Project("{2150E333-8FDC-42A3-9474-1A3956D46DE8}") = "Security", "Security", "{A1811A8E-9679-450B-90C4-3DBCFFD85754}"
EndProject
Project("{FAE04EC0-301F-11D3-BF4B-00C04F79EFBC}") = "STL.POS.Frontend.Security.SecurityProvider", "STL.POS.Frontend.Security.SecurityProvider\STL.POS.Frontend.Security.SecurityProvider.csproj", "{FB7910DD-13F5-4207-A2C0-801C458E7CCB}"
EndProject
Project("{FAE04EC0-301F-11D3-BF4B-00C04F79EFBC}") = "STL.POS.AchWsProxy", "STL.POS.AchWsProxy\STL.POS.AchWsProxy.csproj", "{5D06F521-074E-46D5-9857-448B6C878AC5}"
EndProject
Project("{2150E333-8FDC-42A3-9474-1A3956D46DE8}") = "Solution Items", "Solution Items", "{FE19BCD9-694E-47FD-920D-3406C9D745D9}"
	ProjectSection(SolutionItems) = preProject
		Performance1.psess = Performance1.psess
	EndProjectSection
EndProject
Project("{FAE04EC0-301F-11D3-BF4B-00C04F79EFBC}") = "STL.POS.THProxy", "STL.POS.THProxy\STL.POS.THProxy.csproj", "{198FEED6-5B79-4C6E-8583-6840C59A562E}"
EndProject
Project("{FAE04EC0-301F-11D3-BF4B-00C04F79EFBC}") = "STL.POS.PlexysProxy", "STL.POS.PlexysProxy\STL.POS.PlexysProxy.csproj", "{C6CE23B2-8A68-4EF4-81E3-445701093531}"
EndProject
Project("{FAE04EC0-301F-11D3-BF4B-00C04F79EFBC}") = "STL.POS.Frontend.Web.Globalization", "STL.POS.Frontend.Web.Globalization\STL.POS.Frontend.Web.Globalization.csproj", "{5D1ABEDC-D969-41A3-8D5C-0BBC0C9551B7}"
EndProject
Project("{FAE04EC0-301F-11D3-BF4B-00C04F79EFBC}") = "STL.POS.VirtualOfficeProxy", "STL.POS.VirtualOfficeProxy\STL.POS.VirtualOfficeProxy.csproj", "{DD44F1B8-2A17-47E7-8CE4-9F5A8F2B652A}"
EndProject
Project("{FAE04EC0-301F-11D3-BF4B-00C04F79EFBC}") = "STL.POS.AgentWSProxy", "STL.POS.AgentProxy\STL.POS.AgentWSProxy.csproj", "{A48F5E11-F651-4FE0-93A6-3593EECDA245}"
EndProject
Project("{FAE04EC0-301F-11D3-BF4B-00C04F79EFBC}") = "STL.POS.GlobalLogger", "STL.POS.GlobalLogger\STL.POS.GlobalLogger.csproj", "{BA692D84-C660-4E34-B33D-B3A1737E1E2B}"
EndProject
Project("{FAE04EC0-301F-11D3-BF4B-00C04F79EFBC}") = "STL.POS.Frontend.Web.NewVersion", "STL.POS.Frontend.Web.NewVersion\STL.POS.Frontend.Web.NewVersion.csproj", "{DE722E1A-EE71-4AB0-827D-89A8F0882C45}"
EndProject
Project("{FAE04EC0-301F-11D3-BF4B-00C04F79EFBC}") = "STL.POS.Data.NewVersion", "STL.POS.Data.NewVersion\STL.POS.Data.NewVersion.csproj", "{9EC99534-3AB1-4EEC-9882-9F942F21490C}"
EndProject
Project("{FAE04EC0-301F-11D3-BF4B-00C04F79EFBC}") = "STL.POS.Logic", "STL.POS.Logic\STL.POS.Logic.csproj", "{7207C8CB-EBCB-4ABB-80BD-469954A163E2}"
EndProject
Project("{FAE04EC0-301F-11D3-BF4B-00C04F79EFBC}") = "Entity", "Entity\Entity.csproj", "{593D0C43-F556-4A61-889F-964FE656ADC6}"
EndProject
Global
	GlobalSection(SubversionScc) = preSolution
		Svn-Managed = True
		Manager = AnkhSVN - Subversion Support for Visual Studio
	EndGlobalSection
	GlobalSection(SolutionConfigurationPlatforms) = preSolution
		Debug|Any CPU = Debug|Any CPU
		DevSRV012|Any CPU = DevSRV012|Any CPU
		PreProdSRV012|Any CPU = PreProdSRV012|Any CPU
		Preproduction|Any CPU = Preproduction|Any CPU
		Release|Any CPU = Release|Any CPU
		SRV018-4000|Any CPU = SRV018-4000|Any CPU
		Staging|Any CPU = Staging|Any CPU
	EndGlobalSection
	GlobalSection(ProjectConfigurationPlatforms) = postSolution
		{2FEA1C40-7CC9-43C3-9510-E4CCAFAE2C17}.Debug|Any CPU.ActiveCfg = Debug|Any CPU
		{2FEA1C40-7CC9-43C3-9510-E4CCAFAE2C17}.Debug|Any CPU.Build.0 = Debug|Any CPU
		{2FEA1C40-7CC9-43C3-9510-E4CCAFAE2C17}.DevSRV012|Any CPU.ActiveCfg = DevSRV012|Any CPU
		{2FEA1C40-7CC9-43C3-9510-E4CCAFAE2C17}.DevSRV012|Any CPU.Build.0 = DevSRV012|Any CPU
		{2FEA1C40-7CC9-43C3-9510-E4CCAFAE2C17}.PreProdSRV012|Any CPU.ActiveCfg = PreProdSRV012|Any CPU
		{2FEA1C40-7CC9-43C3-9510-E4CCAFAE2C17}.PreProdSRV012|Any CPU.Build.0 = PreProdSRV012|Any CPU
		{2FEA1C40-7CC9-43C3-9510-E4CCAFAE2C17}.Preproduction|Any CPU.ActiveCfg = PreProdSRV012|Any CPU
		{2FEA1C40-7CC9-43C3-9510-E4CCAFAE2C17}.Release|Any CPU.ActiveCfg = Release|Any CPU
		{2FEA1C40-7CC9-43C3-9510-E4CCAFAE2C17}.Release|Any CPU.Build.0 = Release|Any CPU
		{2FEA1C40-7CC9-43C3-9510-E4CCAFAE2C17}.SRV018-4000|Any CPU.ActiveCfg = SRV018-4000|Any CPU
		{2FEA1C40-7CC9-43C3-9510-E4CCAFAE2C17}.SRV018-4000|Any CPU.Build.0 = SRV018-4000|Any CPU
		{2FEA1C40-7CC9-43C3-9510-E4CCAFAE2C17}.Staging|Any CPU.ActiveCfg = SRV018-4000|Any CPU
		{5AE6AB7F-A100-4DC8-99B3-A82F0537BCB5}.Debug|Any CPU.ActiveCfg = Debug|Any CPU
		{5AE6AB7F-A100-4DC8-99B3-A82F0537BCB5}.Debug|Any CPU.Build.0 = Debug|Any CPU
		{5AE6AB7F-A100-4DC8-99B3-A82F0537BCB5}.DevSRV012|Any CPU.ActiveCfg = DevSRV012|Any CPU
		{5AE6AB7F-A100-4DC8-99B3-A82F0537BCB5}.DevSRV012|Any CPU.Build.0 = DevSRV012|Any CPU
		{5AE6AB7F-A100-4DC8-99B3-A82F0537BCB5}.PreProdSRV012|Any CPU.ActiveCfg = PreProdSRV012|Any CPU
		{5AE6AB7F-A100-4DC8-99B3-A82F0537BCB5}.PreProdSRV012|Any CPU.Build.0 = PreProdSRV012|Any CPU
		{5AE6AB7F-A100-4DC8-99B3-A82F0537BCB5}.Preproduction|Any CPU.ActiveCfg = PreProdSRV012|Any CPU
		{5AE6AB7F-A100-4DC8-99B3-A82F0537BCB5}.Release|Any CPU.ActiveCfg = Release|Any CPU
		{5AE6AB7F-A100-4DC8-99B3-A82F0537BCB5}.Release|Any CPU.Build.0 = Release|Any CPU
		{5AE6AB7F-A100-4DC8-99B3-A82F0537BCB5}.SRV018-4000|Any CPU.ActiveCfg = SRV018-4000|Any CPU
		{5AE6AB7F-A100-4DC8-99B3-A82F0537BCB5}.SRV018-4000|Any CPU.Build.0 = SRV018-4000|Any CPU
		{5AE6AB7F-A100-4DC8-99B3-A82F0537BCB5}.Staging|Any CPU.ActiveCfg = SRV018-4000|Any CPU
		{9327AEB7-F748-4EC9-83C0-44E806F1F12A}.Debug|Any CPU.ActiveCfg = Debug|Any CPU
		{9327AEB7-F748-4EC9-83C0-44E806F1F12A}.Debug|Any CPU.Build.0 = Debug|Any CPU
		{9327AEB7-F748-4EC9-83C0-44E806F1F12A}.DevSRV012|Any CPU.ActiveCfg = DevSRV012|Any CPU
		{9327AEB7-F748-4EC9-83C0-44E806F1F12A}.DevSRV012|Any CPU.Build.0 = DevSRV012|Any CPU
		{9327AEB7-F748-4EC9-83C0-44E806F1F12A}.PreProdSRV012|Any CPU.ActiveCfg = PreProdSRV012|Any CPU
		{9327AEB7-F748-4EC9-83C0-44E806F1F12A}.PreProdSRV012|Any CPU.Build.0 = PreProdSRV012|Any CPU
		{9327AEB7-F748-4EC9-83C0-44E806F1F12A}.Preproduction|Any CPU.ActiveCfg = PreProdSRV012|Any CPU
		{9327AEB7-F748-4EC9-83C0-44E806F1F12A}.Release|Any CPU.ActiveCfg = Release|Any CPU
		{9327AEB7-F748-4EC9-83C0-44E806F1F12A}.Release|Any CPU.Build.0 = Release|Any CPU
		{9327AEB7-F748-4EC9-83C0-44E806F1F12A}.SRV018-4000|Any CPU.ActiveCfg = SRV018-4000|Any CPU
		{9327AEB7-F748-4EC9-83C0-44E806F1F12A}.SRV018-4000|Any CPU.Build.0 = SRV018-4000|Any CPU
		{9327AEB7-F748-4EC9-83C0-44E806F1F12A}.Staging|Any CPU.ActiveCfg = SRV018-4000|Any CPU
		{FB7910DD-13F5-4207-A2C0-801C458E7CCB}.Debug|Any CPU.ActiveCfg = Debug|Any CPU
		{FB7910DD-13F5-4207-A2C0-801C458E7CCB}.Debug|Any CPU.Build.0 = Debug|Any CPU
		{FB7910DD-13F5-4207-A2C0-801C458E7CCB}.DevSRV012|Any CPU.ActiveCfg = DevSRV012|Any CPU
		{FB7910DD-13F5-4207-A2C0-801C458E7CCB}.DevSRV012|Any CPU.Build.0 = DevSRV012|Any CPU
		{FB7910DD-13F5-4207-A2C0-801C458E7CCB}.PreProdSRV012|Any CPU.ActiveCfg = Release|Any CPU
		{FB7910DD-13F5-4207-A2C0-801C458E7CCB}.PreProdSRV012|Any CPU.Build.0 = Release|Any CPU
		{FB7910DD-13F5-4207-A2C0-801C458E7CCB}.Preproduction|Any CPU.ActiveCfg = SRV018-4000|Any CPU
		{FB7910DD-13F5-4207-A2C0-801C458E7CCB}.Release|Any CPU.ActiveCfg = Release|Any CPU
		{FB7910DD-13F5-4207-A2C0-801C458E7CCB}.Release|Any CPU.Build.0 = Release|Any CPU
		{FB7910DD-13F5-4207-A2C0-801C458E7CCB}.SRV018-4000|Any CPU.ActiveCfg = SRV018-4000|Any CPU
		{FB7910DD-13F5-4207-A2C0-801C458E7CCB}.SRV018-4000|Any CPU.Build.0 = SRV018-4000|Any CPU
		{FB7910DD-13F5-4207-A2C0-801C458E7CCB}.Staging|Any CPU.ActiveCfg = SRV018-4000|Any CPU
		{5D06F521-074E-46D5-9857-448B6C878AC5}.Debug|Any CPU.ActiveCfg = Debug|Any CPU
		{5D06F521-074E-46D5-9857-448B6C878AC5}.Debug|Any CPU.Build.0 = Debug|Any CPU
		{5D06F521-074E-46D5-9857-448B6C878AC5}.DevSRV012|Any CPU.ActiveCfg = DevSRV012|Any CPU
		{5D06F521-074E-46D5-9857-448B6C878AC5}.DevSRV012|Any CPU.Build.0 = DevSRV012|Any CPU
		{5D06F521-074E-46D5-9857-448B6C878AC5}.PreProdSRV012|Any CPU.ActiveCfg = Release|Any CPU
		{5D06F521-074E-46D5-9857-448B6C878AC5}.PreProdSRV012|Any CPU.Build.0 = Release|Any CPU
		{5D06F521-074E-46D5-9857-448B6C878AC5}.Preproduction|Any CPU.ActiveCfg = SRV018-4000|Any CPU
		{5D06F521-074E-46D5-9857-448B6C878AC5}.Release|Any CPU.ActiveCfg = Release|Any CPU
		{5D06F521-074E-46D5-9857-448B6C878AC5}.Release|Any CPU.Build.0 = Release|Any CPU
		{5D06F521-074E-46D5-9857-448B6C878AC5}.SRV018-4000|Any CPU.ActiveCfg = SRV018-4000|Any CPU
		{5D06F521-074E-46D5-9857-448B6C878AC5}.SRV018-4000|Any CPU.Build.0 = SRV018-4000|Any CPU
		{5D06F521-074E-46D5-9857-448B6C878AC5}.Staging|Any CPU.ActiveCfg = SRV018-4000|Any CPU
		{198FEED6-5B79-4C6E-8583-6840C59A562E}.Debug|Any CPU.ActiveCfg = Debug|Any CPU
		{198FEED6-5B79-4C6E-8583-6840C59A562E}.Debug|Any CPU.Build.0 = Debug|Any CPU
		{198FEED6-5B79-4C6E-8583-6840C59A562E}.DevSRV012|Any CPU.ActiveCfg = DevSRV012|Any CPU
		{198FEED6-5B79-4C6E-8583-6840C59A562E}.DevSRV012|Any CPU.Build.0 = DevSRV012|Any CPU
		{198FEED6-5B79-4C6E-8583-6840C59A562E}.PreProdSRV012|Any CPU.ActiveCfg = Release|Any CPU
		{198FEED6-5B79-4C6E-8583-6840C59A562E}.PreProdSRV012|Any CPU.Build.0 = Release|Any CPU
		{198FEED6-5B79-4C6E-8583-6840C59A562E}.Preproduction|Any CPU.ActiveCfg = SRV018-4000|Any CPU
		{198FEED6-5B79-4C6E-8583-6840C59A562E}.Release|Any CPU.ActiveCfg = Release|Any CPU
		{198FEED6-5B79-4C6E-8583-6840C59A562E}.Release|Any CPU.Build.0 = Release|Any CPU
		{198FEED6-5B79-4C6E-8583-6840C59A562E}.SRV018-4000|Any CPU.ActiveCfg = SRV018-4000|Any CPU
		{198FEED6-5B79-4C6E-8583-6840C59A562E}.SRV018-4000|Any CPU.Build.0 = SRV018-4000|Any CPU
		{198FEED6-5B79-4C6E-8583-6840C59A562E}.Staging|Any CPU.ActiveCfg = SRV018-4000|Any CPU
		{C6CE23B2-8A68-4EF4-81E3-445701093531}.Debug|Any CPU.ActiveCfg = Debug|Any CPU
		{C6CE23B2-8A68-4EF4-81E3-445701093531}.Debug|Any CPU.Build.0 = Debug|Any CPU
		{C6CE23B2-8A68-4EF4-81E3-445701093531}.DevSRV012|Any CPU.ActiveCfg = DevSRV012|Any CPU
		{C6CE23B2-8A68-4EF4-81E3-445701093531}.DevSRV012|Any CPU.Build.0 = DevSRV012|Any CPU
		{C6CE23B2-8A68-4EF4-81E3-445701093531}.PreProdSRV012|Any CPU.ActiveCfg = Release|Any CPU
		{C6CE23B2-8A68-4EF4-81E3-445701093531}.PreProdSRV012|Any CPU.Build.0 = Release|Any CPU
		{C6CE23B2-8A68-4EF4-81E3-445701093531}.Preproduction|Any CPU.ActiveCfg = SRV018-4000|Any CPU
		{C6CE23B2-8A68-4EF4-81E3-445701093531}.Release|Any CPU.ActiveCfg = Release|Any CPU
		{C6CE23B2-8A68-4EF4-81E3-445701093531}.Release|Any CPU.Build.0 = Release|Any CPU
		{C6CE23B2-8A68-4EF4-81E3-445701093531}.SRV018-4000|Any CPU.ActiveCfg = SRV018-4000|Any CPU
		{C6CE23B2-8A68-4EF4-81E3-445701093531}.SRV018-4000|Any CPU.Build.0 = SRV018-4000|Any CPU
		{C6CE23B2-8A68-4EF4-81E3-445701093531}.Staging|Any CPU.ActiveCfg = SRV018-4000|Any CPU
		{5D1ABEDC-D969-41A3-8D5C-0BBC0C9551B7}.Debug|Any CPU.ActiveCfg = Debug|Any CPU
		{5D1ABEDC-D969-41A3-8D5C-0BBC0C9551B7}.Debug|Any CPU.Build.0 = Debug|Any CPU
		{5D1ABEDC-D969-41A3-8D5C-0BBC0C9551B7}.DevSRV012|Any CPU.ActiveCfg = Debug|Any CPU
		{5D1ABEDC-D969-41A3-8D5C-0BBC0C9551B7}.DevSRV012|Any CPU.Build.0 = Debug|Any CPU
		{5D1ABEDC-D969-41A3-8D5C-0BBC0C9551B7}.PreProdSRV012|Any CPU.ActiveCfg = Release|Any CPU
		{5D1ABEDC-D969-41A3-8D5C-0BBC0C9551B7}.PreProdSRV012|Any CPU.Build.0 = Release|Any CPU
		{5D1ABEDC-D969-41A3-8D5C-0BBC0C9551B7}.Preproduction|Any CPU.ActiveCfg = SRV018-4000|Any CPU
		{5D1ABEDC-D969-41A3-8D5C-0BBC0C9551B7}.Release|Any CPU.ActiveCfg = Release|Any CPU
		{5D1ABEDC-D969-41A3-8D5C-0BBC0C9551B7}.Release|Any CPU.Build.0 = Release|Any CPU
		{5D1ABEDC-D969-41A3-8D5C-0BBC0C9551B7}.SRV018-4000|Any CPU.ActiveCfg = SRV018-4000|Any CPU
		{5D1ABEDC-D969-41A3-8D5C-0BBC0C9551B7}.SRV018-4000|Any CPU.Build.0 = SRV018-4000|Any CPU
		{5D1ABEDC-D969-41A3-8D5C-0BBC0C9551B7}.Staging|Any CPU.ActiveCfg = SRV018-4000|Any CPU
		{DD44F1B8-2A17-47E7-8CE4-9F5A8F2B652A}.Debug|Any CPU.ActiveCfg = Debug|Any CPU
		{DD44F1B8-2A17-47E7-8CE4-9F5A8F2B652A}.Debug|Any CPU.Build.0 = Debug|Any CPU
		{DD44F1B8-2A17-47E7-8CE4-9F5A8F2B652A}.DevSRV012|Any CPU.ActiveCfg = Debug|Any CPU
		{DD44F1B8-2A17-47E7-8CE4-9F5A8F2B652A}.DevSRV012|Any CPU.Build.0 = Debug|Any CPU
		{DD44F1B8-2A17-47E7-8CE4-9F5A8F2B652A}.PreProdSRV012|Any CPU.ActiveCfg = Release|Any CPU
		{DD44F1B8-2A17-47E7-8CE4-9F5A8F2B652A}.PreProdSRV012|Any CPU.Build.0 = Release|Any CPU
		{DD44F1B8-2A17-47E7-8CE4-9F5A8F2B652A}.Preproduction|Any CPU.ActiveCfg = Release|Any CPU
		{DD44F1B8-2A17-47E7-8CE4-9F5A8F2B652A}.Preproduction|Any CPU.Build.0 = Release|Any CPU
		{DD44F1B8-2A17-47E7-8CE4-9F5A8F2B652A}.Release|Any CPU.ActiveCfg = Release|Any CPU
		{DD44F1B8-2A17-47E7-8CE4-9F5A8F2B652A}.Release|Any CPU.Build.0 = Release|Any CPU
		{DD44F1B8-2A17-47E7-8CE4-9F5A8F2B652A}.SRV018-4000|Any CPU.ActiveCfg = Release|Any CPU
		{DD44F1B8-2A17-47E7-8CE4-9F5A8F2B652A}.SRV018-4000|Any CPU.Build.0 = Release|Any CPU
		{DD44F1B8-2A17-47E7-8CE4-9F5A8F2B652A}.Staging|Any CPU.ActiveCfg = Release|Any CPU
		{DD44F1B8-2A17-47E7-8CE4-9F5A8F2B652A}.Staging|Any CPU.Build.0 = Release|Any CPU
		{A48F5E11-F651-4FE0-93A6-3593EECDA245}.Debug|Any CPU.ActiveCfg = Debug|Any CPU
		{A48F5E11-F651-4FE0-93A6-3593EECDA245}.Debug|Any CPU.Build.0 = Debug|Any CPU
		{A48F5E11-F651-4FE0-93A6-3593EECDA245}.DevSRV012|Any CPU.ActiveCfg = Debug|Any CPU
		{A48F5E11-F651-4FE0-93A6-3593EECDA245}.DevSRV012|Any CPU.Build.0 = Debug|Any CPU
		{A48F5E11-F651-4FE0-93A6-3593EECDA245}.PreProdSRV012|Any CPU.ActiveCfg = Release|Any CPU
		{A48F5E11-F651-4FE0-93A6-3593EECDA245}.PreProdSRV012|Any CPU.Build.0 = Release|Any CPU
		{A48F5E11-F651-4FE0-93A6-3593EECDA245}.Preproduction|Any CPU.ActiveCfg = Release|Any CPU
		{A48F5E11-F651-4FE0-93A6-3593EECDA245}.Preproduction|Any CPU.Build.0 = Release|Any CPU
		{A48F5E11-F651-4FE0-93A6-3593EECDA245}.Release|Any CPU.ActiveCfg = Release|Any CPU
		{A48F5E11-F651-4FE0-93A6-3593EECDA245}.Release|Any CPU.Build.0 = Release|Any CPU
		{A48F5E11-F651-4FE0-93A6-3593EECDA245}.SRV018-4000|Any CPU.ActiveCfg = Release|Any CPU
		{A48F5E11-F651-4FE0-93A6-3593EECDA245}.SRV018-4000|Any CPU.Build.0 = Release|Any CPU
		{A48F5E11-F651-4FE0-93A6-3593EECDA245}.Staging|Any CPU.ActiveCfg = Release|Any CPU
		{A48F5E11-F651-4FE0-93A6-3593EECDA245}.Staging|Any CPU.Build.0 = Release|Any CPU
		{BA692D84-C660-4E34-B33D-B3A1737E1E2B}.Debug|Any CPU.ActiveCfg = Debug|Any CPU
		{BA692D84-C660-4E34-B33D-B3A1737E1E2B}.Debug|Any CPU.Build.0 = Debug|Any CPU
		{BA692D84-C660-4E34-B33D-B3A1737E1E2B}.DevSRV012|Any CPU.ActiveCfg = Debug|Any CPU
		{BA692D84-C660-4E34-B33D-B3A1737E1E2B}.DevSRV012|Any CPU.Build.0 = Debug|Any CPU
		{BA692D84-C660-4E34-B33D-B3A1737E1E2B}.PreProdSRV012|Any CPU.ActiveCfg = Release|Any CPU
		{BA692D84-C660-4E34-B33D-B3A1737E1E2B}.PreProdSRV012|Any CPU.Build.0 = Release|Any CPU
		{BA692D84-C660-4E34-B33D-B3A1737E1E2B}.Preproduction|Any CPU.ActiveCfg = Release|Any CPU
		{BA692D84-C660-4E34-B33D-B3A1737E1E2B}.Preproduction|Any CPU.Build.0 = Release|Any CPU
		{BA692D84-C660-4E34-B33D-B3A1737E1E2B}.Release|Any CPU.ActiveCfg = Release|Any CPU
		{BA692D84-C660-4E34-B33D-B3A1737E1E2B}.Release|Any CPU.Build.0 = Release|Any CPU
		{BA692D84-C660-4E34-B33D-B3A1737E1E2B}.SRV018-4000|Any CPU.ActiveCfg = Release|Any CPU
		{BA692D84-C660-4E34-B33D-B3A1737E1E2B}.SRV018-4000|Any CPU.Build.0 = Release|Any CPU
		{BA692D84-C660-4E34-B33D-B3A1737E1E2B}.Staging|Any CPU.ActiveCfg = Release|Any CPU
		{BA692D84-C660-4E34-B33D-B3A1737E1E2B}.Staging|Any CPU.Build.0 = Release|Any CPU
		{DE722E1A-EE71-4AB0-827D-89A8F0882C45}.Debug|Any CPU.ActiveCfg = Debug|Any CPU
		{DE722E1A-EE71-4AB0-827D-89A8F0882C45}.Debug|Any CPU.Build.0 = Debug|Any CPU
		{DE722E1A-EE71-4AB0-827D-89A8F0882C45}.DevSRV012|Any CPU.ActiveCfg = Debug|Any CPU
		{DE722E1A-EE71-4AB0-827D-89A8F0882C45}.DevSRV012|Any CPU.Build.0 = Debug|Any CPU
		{DE722E1A-EE71-4AB0-827D-89A8F0882C45}.PreProdSRV012|Any CPU.ActiveCfg = Release|Any CPU
		{DE722E1A-EE71-4AB0-827D-89A8F0882C45}.PreProdSRV012|Any CPU.Build.0 = Release|Any CPU
		{DE722E1A-EE71-4AB0-827D-89A8F0882C45}.Preproduction|Any CPU.ActiveCfg = Release|Any CPU
		{DE722E1A-EE71-4AB0-827D-89A8F0882C45}.Preproduction|Any CPU.Build.0 = Release|Any CPU
		{DE722E1A-EE71-4AB0-827D-89A8F0882C45}.Release|Any CPU.ActiveCfg = Release|Any CPU
		{DE722E1A-EE71-4AB0-827D-89A8F0882C45}.Release|Any CPU.Build.0 = Release|Any CPU
		{DE722E1A-EE71-4AB0-827D-89A8F0882C45}.SRV018-4000|Any CPU.ActiveCfg = Release|Any CPU
		{DE722E1A-EE71-4AB0-827D-89A8F0882C45}.SRV018-4000|Any CPU.Build.0 = Release|Any CPU
		{DE722E1A-EE71-4AB0-827D-89A8F0882C45}.Staging|Any CPU.ActiveCfg = Release|Any CPU
		{DE722E1A-EE71-4AB0-827D-89A8F0882C45}.Staging|Any CPU.Build.0 = Release|Any CPU
		{9EC99534-3AB1-4EEC-9882-9F942F21490C}.Debug|Any CPU.ActiveCfg = Debug|Any CPU
		{9EC99534-3AB1-4EEC-9882-9F942F21490C}.Debug|Any CPU.Build.0 = Debug|Any CPU
		{9EC99534-3AB1-4EEC-9882-9F942F21490C}.DevSRV012|Any CPU.ActiveCfg = Debug|Any CPU
		{9EC99534-3AB1-4EEC-9882-9F942F21490C}.DevSRV012|Any CPU.Build.0 = Debug|Any CPU
		{9EC99534-3AB1-4EEC-9882-9F942F21490C}.PreProdSRV012|Any CPU.ActiveCfg = Release|Any CPU
		{9EC99534-3AB1-4EEC-9882-9F942F21490C}.PreProdSRV012|Any CPU.Build.0 = Release|Any CPU
		{9EC99534-3AB1-4EEC-9882-9F942F21490C}.Preproduction|Any CPU.ActiveCfg = Release|Any CPU
		{9EC99534-3AB1-4EEC-9882-9F942F21490C}.Preproduction|Any CPU.Build.0 = Release|Any CPU
		{9EC99534-3AB1-4EEC-9882-9F942F21490C}.Release|Any CPU.ActiveCfg = Release|Any CPU
		{9EC99534-3AB1-4EEC-9882-9F942F21490C}.Release|Any CPU.Build.0 = Release|Any CPU
		{9EC99534-3AB1-4EEC-9882-9F942F21490C}.SRV018-4000|Any CPU.ActiveCfg = Release|Any CPU
		{9EC99534-3AB1-4EEC-9882-9F942F21490C}.SRV018-4000|Any CPU.Build.0 = Release|Any CPU
		{9EC99534-3AB1-4EEC-9882-9F942F21490C}.Staging|Any CPU.ActiveCfg = Release|Any CPU
		{9EC99534-3AB1-4EEC-9882-9F942F21490C}.Staging|Any CPU.Build.0 = Release|Any CPU
		{7207C8CB-EBCB-4ABB-80BD-469954A163E2}.Debug|Any CPU.ActiveCfg = Debug|Any CPU
		{7207C8CB-EBCB-4ABB-80BD-469954A163E2}.Debug|Any CPU.Build.0 = Debug|Any CPU
		{7207C8CB-EBCB-4ABB-80BD-469954A163E2}.DevSRV012|Any CPU.ActiveCfg = Debug|Any CPU
		{7207C8CB-EBCB-4ABB-80BD-469954A163E2}.DevSRV012|Any CPU.Build.0 = Debug|Any CPU
		{7207C8CB-EBCB-4ABB-80BD-469954A163E2}.PreProdSRV012|Any CPU.ActiveCfg = Release|Any CPU
		{7207C8CB-EBCB-4ABB-80BD-469954A163E2}.PreProdSRV012|Any CPU.Build.0 = Release|Any CPU
		{7207C8CB-EBCB-4ABB-80BD-469954A163E2}.Preproduction|Any CPU.ActiveCfg = Release|Any CPU
		{7207C8CB-EBCB-4ABB-80BD-469954A163E2}.Preproduction|Any CPU.Build.0 = Release|Any CPU
		{7207C8CB-EBCB-4ABB-80BD-469954A163E2}.Release|Any CPU.ActiveCfg = Release|Any CPU
		{7207C8CB-EBCB-4ABB-80BD-469954A163E2}.Release|Any CPU.Build.0 = Release|Any CPU
		{7207C8CB-EBCB-4ABB-80BD-469954A163E2}.SRV018-4000|Any CPU.ActiveCfg = Release|Any CPU
		{7207C8CB-EBCB-4ABB-80BD-469954A163E2}.SRV018-4000|Any CPU.Build.0 = Release|Any CPU
		{7207C8CB-EBCB-4ABB-80BD-469954A163E2}.Staging|Any CPU.ActiveCfg = Release|Any CPU
		{7207C8CB-EBCB-4ABB-80BD-469954A163E2}.Staging|Any CPU.Build.0 = Release|Any CPU
		{593D0C43-F556-4A61-889F-964FE656ADC6}.Debug|Any CPU.ActiveCfg = Debug|Any CPU
		{593D0C43-F556-4A61-889F-964FE656ADC6}.Debug|Any CPU.Build.0 = Debug|Any CPU
		{593D0C43-F556-4A61-889F-964FE656ADC6}.DevSRV012|Any CPU.ActiveCfg = Debug|Any CPU
		{593D0C43-F556-4A61-889F-964FE656ADC6}.DevSRV012|Any CPU.Build.0 = Debug|Any CPU
		{593D0C43-F556-4A61-889F-964FE656ADC6}.PreProdSRV012|Any CPU.ActiveCfg = Release|Any CPU
		{593D0C43-F556-4A61-889F-964FE656ADC6}.PreProdSRV012|Any CPU.Build.0 = Release|Any CPU
		{593D0C43-F556-4A61-889F-964FE656ADC6}.Preproduction|Any CPU.ActiveCfg = Release|Any CPU
		{593D0C43-F556-4A61-889F-964FE656ADC6}.Preproduction|Any CPU.Build.0 = Release|Any CPU
		{593D0C43-F556-4A61-889F-964FE656ADC6}.Release|Any CPU.ActiveCfg = Release|Any CPU
		{593D0C43-F556-4A61-889F-964FE656ADC6}.Release|Any CPU.Build.0 = Release|Any CPU
		{593D0C43-F556-4A61-889F-964FE656ADC6}.SRV018-4000|Any CPU.ActiveCfg = Release|Any CPU
		{593D0C43-F556-4A61-889F-964FE656ADC6}.SRV018-4000|Any CPU.Build.0 = Release|Any CPU
		{593D0C43-F556-4A61-889F-964FE656ADC6}.Staging|Any CPU.ActiveCfg = Release|Any CPU
		{593D0C43-F556-4A61-889F-964FE656ADC6}.Staging|Any CPU.Build.0 = Release|Any CPU
	EndGlobalSection
	GlobalSection(SolutionProperties) = preSolution
		HideSolutionNode = FALSE
	EndGlobalSection
	GlobalSection(NestedProjects) = preSolution
		{FB7910DD-13F5-4207-A2C0-801C458E7CCB} = {A1811A8E-9679-450B-90C4-3DBCFFD85754}
	EndGlobalSection
	GlobalSection(ExtensibilityGlobals) = postSolution
		SolutionGuid = {BA717EA8-7F2F-40AD-8E8A-E8170E20A337}
	EndGlobalSection
EndGlobal
