
Microsoft Visual Studio Solution File, Format Version 12.00
# Visual Studio 15
VisualStudioVersion = 15.0.26430.14
MinimumVisualStudioVersion = 10.0.40219.1
Project("{FAE04EC0-301F-11D3-BF4B-00C04F79EFBC}") = "CollectorsModule.web", "CollectorsModule\CollectorsModule.web.csproj", "{BA378991-3FF9-4216-9BB2-D7FFC0E648D4}"
EndProject
Project("{FAE04EC0-301F-11D3-BF4B-00C04F79EFBC}") = "CollectorsModule.dal", "CollectorsModule.dal\CollectorsModule.dal.csproj", "{610580BD-749F-43F5-82B3-19EFE48372BB}"
EndProject
Project("{FAE04EC0-301F-11D3-BF4B-00C04F79EFBC}") = "CollectorsModule.bll", "CollectorsModule.bll\CollectorsModule.bll.csproj", "{4BBB14BA-3FF5-49BB-86B7-B361A5BAAB48}"
EndProject
Project("{FAE04EC0-301F-11D3-BF4B-00C04F79EFBC}") = "CollectorsModule.ell", "CollectorsModule.ell\CollectorsModule.ell.csproj", "{29128B0D-243E-46ED-9C29-13CD08079FCA}"
EndProject
Project("{2150E333-8FDC-42A3-9474-1A3956D46DE8}") = ".nuget", ".nuget", "{7DCB094E-0E52-4B66-8D44-5883385973AD}"
	ProjectSection(SolutionItems) = preProject
		.nuget\NuGet.Config = .nuget\NuGet.Config
		.nuget\NuGet.exe = .nuget\NuGet.exe
		.nuget\NuGet.targets = .nuget\NuGet.targets
	EndProjectSection
EndProject
Project("{FAE04EC0-301F-11D3-BF4B-00C04F79EFBC}") = "Testing", "Testing\Testing.csproj", "{199FC25B-05A0-4D47-95B6-AF8C0192F3E0}"
EndProject
Project("{FAE04EC0-301F-11D3-BF4B-00C04F79EFBC}") = "STG.KwikTag.Service", "STG.SVC.Kwiktag\STG.KwikTag.Service.csproj", "{DD5B9316-60AB-4AD5-8CA9-206876796CAB}"
EndProject
Project("{FAE04EC0-301F-11D3-BF4B-00C04F79EFBC}") = "STG.KwikTag.Library", "STG.DLL.KwikTag.Library\STG.KwikTag.Library.csproj", "{05422451-A29A-4897-B7E0-DA99137CB4D3}"
EndProject
Global
	GlobalSection(SubversionScc) = preSolution
		Svn-Managed = True
		Manager = AnkhSVN - Subversion Support for Visual Studio
	EndGlobalSection
	GlobalSection(SolutionConfigurationPlatforms) = preSolution
		Debug|Any CPU = Debug|Any CPU
		Release|Any CPU = Release|Any CPU
	EndGlobalSection
	GlobalSection(ProjectConfigurationPlatforms) = postSolution
		{BA378991-3FF9-4216-9BB2-D7FFC0E648D4}.Debug|Any CPU.ActiveCfg = Debug|Any CPU
		{BA378991-3FF9-4216-9BB2-D7FFC0E648D4}.Debug|Any CPU.Build.0 = Debug|Any CPU
		{BA378991-3FF9-4216-9BB2-D7FFC0E648D4}.Release|Any CPU.ActiveCfg = Release|Any CPU
		{BA378991-3FF9-4216-9BB2-D7FFC0E648D4}.Release|Any CPU.Build.0 = Release|Any CPU
		{610580BD-749F-43F5-82B3-19EFE48372BB}.Debug|Any CPU.ActiveCfg = Debug|Any CPU
		{610580BD-749F-43F5-82B3-19EFE48372BB}.Debug|Any CPU.Build.0 = Debug|Any CPU
		{610580BD-749F-43F5-82B3-19EFE48372BB}.Release|Any CPU.ActiveCfg = Release|Any CPU
		{610580BD-749F-43F5-82B3-19EFE48372BB}.Release|Any CPU.Build.0 = Release|Any CPU
		{4BBB14BA-3FF5-49BB-86B7-B361A5BAAB48}.Debug|Any CPU.ActiveCfg = Debug|Any CPU
		{4BBB14BA-3FF5-49BB-86B7-B361A5BAAB48}.Debug|Any CPU.Build.0 = Debug|Any CPU
		{4BBB14BA-3FF5-49BB-86B7-B361A5BAAB48}.Release|Any CPU.ActiveCfg = Release|Any CPU
		{4BBB14BA-3FF5-49BB-86B7-B361A5BAAB48}.Release|Any CPU.Build.0 = Release|Any CPU
		{29128B0D-243E-46ED-9C29-13CD08079FCA}.Debug|Any CPU.ActiveCfg = Debug|Any CPU
		{29128B0D-243E-46ED-9C29-13CD08079FCA}.Debug|Any CPU.Build.0 = Debug|Any CPU
		{29128B0D-243E-46ED-9C29-13CD08079FCA}.Release|Any CPU.ActiveCfg = Release|Any CPU
		{29128B0D-243E-46ED-9C29-13CD08079FCA}.Release|Any CPU.Build.0 = Release|Any CPU
		{199FC25B-05A0-4D47-95B6-AF8C0192F3E0}.Debug|Any CPU.ActiveCfg = Debug|Any CPU
		{199FC25B-05A0-4D47-95B6-AF8C0192F3E0}.Debug|Any CPU.Build.0 = Debug|Any CPU
		{199FC25B-05A0-4D47-95B6-AF8C0192F3E0}.Release|Any CPU.ActiveCfg = Release|Any CPU
		{199FC25B-05A0-4D47-95B6-AF8C0192F3E0}.Release|Any CPU.Build.0 = Release|Any CPU
		{DD5B9316-60AB-4AD5-8CA9-206876796CAB}.Debug|Any CPU.ActiveCfg = Debug|Any CPU
		{DD5B9316-60AB-4AD5-8CA9-206876796CAB}.Debug|Any CPU.Build.0 = Debug|Any CPU
		{DD5B9316-60AB-4AD5-8CA9-206876796CAB}.Release|Any CPU.ActiveCfg = Release|Any CPU
		{DD5B9316-60AB-4AD5-8CA9-206876796CAB}.Release|Any CPU.Build.0 = Release|Any CPU
		{05422451-A29A-4897-B7E0-DA99137CB4D3}.Debug|Any CPU.ActiveCfg = Debug|Any CPU
		{05422451-A29A-4897-B7E0-DA99137CB4D3}.Debug|Any CPU.Build.0 = Debug|Any CPU
		{05422451-A29A-4897-B7E0-DA99137CB4D3}.Release|Any CPU.ActiveCfg = Release|Any CPU
		{05422451-A29A-4897-B7E0-DA99137CB4D3}.Release|Any CPU.Build.0 = Release|Any CPU
	EndGlobalSection
	GlobalSection(SolutionProperties) = preSolution
		HideSolutionNode = FALSE
	EndGlobalSection
EndGlobal
