
Microsoft Visual Studio Solution File, Format Version 11.00
# Visual Studio 2010
Project("{F14B399A-7131-4C87-9E4B-1186C45EF12D}") = "Shipments_Report", "Shipments_Report\Shipments_Report.rptproj", "{15605B8B-4300-453A-8B27-C9AE73CE199B}"
EndProject
Global
	GlobalSection(SolutionConfigurationPlatforms) = preSolution
		Debug|Default = Debug|Default
		DebugLocal|Default = DebugLocal|Default
		Release|Default = Release|Default
	EndGlobalSection
	GlobalSection(ProjectConfigurationPlatforms) = postSolution
		{15605B8B-4300-453A-8B27-C9AE73CE199B}.Debug|Default.ActiveCfg = Debug
		{15605B8B-4300-453A-8B27-C9AE73CE199B}.Debug|Default.Build.0 = DebugLocal
		{15605B8B-4300-453A-8B27-C9AE73CE199B}.Debug|Default.Deploy.0 = DebugLocal
		{15605B8B-4300-453A-8B27-C9AE73CE199B}.DebugLocal|Default.ActiveCfg = DebugLocal
		{15605B8B-4300-453A-8B27-C9AE73CE199B}.DebugLocal|Default.Build.0 = DebugLocal
		{15605B8B-4300-453A-8B27-C9AE73CE199B}.Release|Default.ActiveCfg = Release
		{15605B8B-4300-453A-8B27-C9AE73CE199B}.Release|Default.Build.0 = Release
		{15605B8B-4300-453A-8B27-C9AE73CE199B}.Release|Default.Deploy.0 = Release
	EndGlobalSection
	GlobalSection(SolutionProperties) = preSolution
		HideSolutionNode = FALSE
	EndGlobalSection
EndGlobal
